// !$*UTF8*$!
{
	archiveVersion = 1;
	classes = {
	};
	objectVersion = 46;
	objects = {

/* Begin PBXBuildFile section */
		D820691A1C1925FC00B4E8BB /* iAd.framework in Frameworks */ = {isa = PBXBuildFile; fileRef = D82069191C1925FC00B4E8BB /* iAd.framework */; };
		D820691D1C1DE0C100B4E8BB /* MapViewController.swift in Sources */ = {isa = PBXBuildFile; fileRef = D820691C1C1DE0C100B4E8BB /* MapViewController.swift */; };
		D820691F1C1DE34500B4E8BB /* Building.swift in Sources */ = {isa = PBXBuildFile; fileRef = D820691E1C1DE34500B4E8BB /* Building.swift */; };
		D82069251C1E71F900B4E8BB /* AudioToolbox.framework in Frameworks */ = {isa = PBXBuildFile; fileRef = D82069241C1E71F900B4E8BB /* AudioToolbox.framework */; };
		D82069271C1E720100B4E8BB /* CFNetwork.framework in Frameworks */ = {isa = PBXBuildFile; fileRef = D82069261C1E720100B4E8BB /* CFNetwork.framework */; };
		D82069291C1E720D00B4E8BB /* CoreGraphics.framework in Frameworks */ = {isa = PBXBuildFile; fileRef = D82069281C1E720D00B4E8BB /* CoreGraphics.framework */; };
		D820692B1C1E721100B4E8BB /* CoreLocation.framework in Frameworks */ = {isa = PBXBuildFile; fileRef = D820692A1C1E721100B4E8BB /* CoreLocation.framework */; };
		D820692D1C1E721C00B4E8BB /* QuartzCore.framework in Frameworks */ = {isa = PBXBuildFile; fileRef = D820692C1C1E721C00B4E8BB /* QuartzCore.framework */; };
		D820692F1C1E722400B4E8BB /* Security.framework in Frameworks */ = {isa = PBXBuildFile; fileRef = D820692E1C1E722400B4E8BB /* Security.framework */; };
		D82069311C1E722900B4E8BB /* StoreKit.framework in Frameworks */ = {isa = PBXBuildFile; fileRef = D82069301C1E722900B4E8BB /* StoreKit.framework */; };
		D82069331C1E723200B4E8BB /* SystemConfiguration.framework in Frameworks */ = {isa = PBXBuildFile; fileRef = D82069321C1E723200B4E8BB /* SystemConfiguration.framework */; };
		D82069351C1E723900B4E8BB /* libz.tbd in Frameworks */ = {isa = PBXBuildFile; fileRef = D82069341C1E723900B4E8BB /* libz.tbd */; };
		D82069371C1E724B00B4E8BB /* libsqlite3.tbd in Frameworks */ = {isa = PBXBuildFile; fileRef = D82069361C1E724B00B4E8BB /* libsqlite3.tbd */; };
		D84F97071DB99D000052E7EA /* ThemeManager.swift in Sources */ = {isa = PBXBuildFile; fileRef = D84F97061DB99D000052E7EA /* ThemeManager.swift */; };
		D84F97091DB9A0E80052E7EA /* BVInfoShared.swift in Sources */ = {isa = PBXBuildFile; fileRef = D84F97081DB9A0E80052E7EA /* BVInfoShared.swift */; };
		D84F970B1DB9A46B0052E7EA /* Theme.plist in Resources */ = {isa = PBXBuildFile; fileRef = D84F970A1DB9A46B0052E7EA /* Theme.plist */; };
		D84F970D1DBAFDFD0052E7EA /* DarkTheme.plist in Resources */ = {isa = PBXBuildFile; fileRef = D84F970C1DBAFDFD0052E7EA /* DarkTheme.plist */; };
		D857D12E1DBB073100EFEDD3 /* CardCell.swift in Sources */ = {isa = PBXBuildFile; fileRef = D857D12D1DBB073100EFEDD3 /* CardCell.swift */; };
		D86966651D628EB4007E9E6E /* Fabric.framework in Frameworks */ = {isa = PBXBuildFile; fileRef = D86966631D628EB4007E9E6E /* Fabric.framework */; };
		D86966681D628FCB007E9E6E /* Crashlytics.framework in Frameworks */ = {isa = PBXBuildFile; fileRef = D86966671D628FCB007E9E6E /* Crashlytics.framework */; };
		D8BDC8F91BF8F20100CB40B4 /* AppDelegate.swift in Sources */ = {isa = PBXBuildFile; fileRef = D8BDC8F81BF8F20100CB40B4 /* AppDelegate.swift */; };
		D8BDC8FB1BF8F20100CB40B4 /* ViewController.swift in Sources */ = {isa = PBXBuildFile; fileRef = D8BDC8FA1BF8F20100CB40B4 /* ViewController.swift */; };
		D8BDC8FE1BF8F20100CB40B4 /* Main.storyboard in Resources */ = {isa = PBXBuildFile; fileRef = D8BDC8FC1BF8F20100CB40B4 /* Main.storyboard */; };
		D8BDC9001BF8F20100CB40B4 /* Assets.xcassets in Resources */ = {isa = PBXBuildFile; fileRef = D8BDC8FF1BF8F20100CB40B4 /* Assets.xcassets */; };
		D8BDC9031BF8F20100CB40B4 /* LaunchScreen.storyboard in Resources */ = {isa = PBXBuildFile; fileRef = D8BDC9011BF8F20100CB40B4 /* LaunchScreen.storyboard */; };
		D8BDC9291BF93A4D00CB40B4 /* HomeViewControllerCell.swift in Sources */ = {isa = PBXBuildFile; fileRef = D8BDC9281BF93A4C00CB40B4 /* HomeViewControllerCell.swift */; };
		D8BDC92C1BF978BF00CB40B4 /* WebsiteViewController.swift in Sources */ = {isa = PBXBuildFile; fileRef = D8BDC92B1BF978BF00CB40B4 /* WebsiteViewController.swift */; };
		D8BDC92E1BF9851500CB40B4 /* ACESViewController.swift in Sources */ = {isa = PBXBuildFile; fileRef = D8BDC92D1BF9851500CB40B4 /* ACESViewController.swift */; };
		D8BDC9311BF987F300CB40B4 /* ACESCell.swift in Sources */ = {isa = PBXBuildFile; fileRef = D8BDC9301BF987F300CB40B4 /* ACESCell.swift */; };
		D8BDC9361BFAA96000CB40B4 /* RSSViewController.swift in Sources */ = {isa = PBXBuildFile; fileRef = D8BDC9351BFAA96000CB40B4 /* RSSViewController.swift */; };
		D8BDC9381BFAAB8200CB40B4 /* RSSPost.swift in Sources */ = {isa = PBXBuildFile; fileRef = D8BDC9371BFAAB8200CB40B4 /* RSSPost.swift */; };
		D8BDC93A1BFD725700CB40B4 /* RSSCell.swift in Sources */ = {isa = PBXBuildFile; fileRef = D8BDC9391BFD725700CB40B4 /* RSSCell.swift */; };
		D8C2678F1BFD8B0C00E0F8F9 /* AcademicsViewController.swift in Sources */ = {isa = PBXBuildFile; fileRef = D8C2678E1BFD8B0C00E0F8F9 /* AcademicsViewController.swift */; };
		D8C267921C02AD8800E0F8F9 /* KBVUViewController.swift in Sources */ = {isa = PBXBuildFile; fileRef = D8C267911C02AD8800E0F8F9 /* KBVUViewController.swift */; };
		D8C267941C02B23A00E0F8F9 /* kbvuAudio.m3u in Resources */ = {isa = PBXBuildFile; fileRef = D8C267931C02B23A00E0F8F9 /* kbvuAudio.m3u */; };
		D8D058CE1F548CCE00F59697 /* SwiftSpinner.swift in Sources */ = {isa = PBXBuildFile; fileRef = D8D058CD1F548CCE00F59697 /* SwiftSpinner.swift */; };
		D8FB814A1E3E7EEA00F77345 /* GoogleMobileAds.framework in Frameworks */ = {isa = PBXBuildFile; fileRef = D8FB81491E3E7EEA00F77345 /* GoogleMobileAds.framework */; };
/* End PBXBuildFile section */

/* Begin PBXContainerItemProxy section */
		D8BDC90A1BF8F20100CB40B4 /* PBXContainerItemProxy */ = {
			isa = PBXContainerItemProxy;
			containerPortal = D8BDC8ED1BF8F20100CB40B4 /* Project object */;
			proxyType = 1;
			remoteGlobalIDString = D8BDC8F41BF8F20100CB40B4;
			remoteInfo = BVInfoSwift;
		};
		D8BDC9151BF8F20200CB40B4 /* PBXContainerItemProxy */ = {
			isa = PBXContainerItemProxy;
			containerPortal = D8BDC8ED1BF8F20100CB40B4 /* Project object */;
			proxyType = 1;
			remoteGlobalIDString = D8BDC8F41BF8F20100CB40B4;
			remoteInfo = BVInfoSwift;
		};
/* End PBXContainerItemProxy section */

/* Begin PBXFileReference section */
		D82069191C1925FC00B4E8BB /* iAd.framework */ = {isa = PBXFileReference; lastKnownFileType = wrapper.framework; name = iAd.framework; path = System/Library/Frameworks/iAd.framework; sourceTree = SDKROOT; };
		D820691C1C1DE0C100B4E8BB /* MapViewController.swift */ = {isa = PBXFileReference; fileEncoding = 4; lastKnownFileType = sourcecode.swift; path = MapViewController.swift; sourceTree = "<group>"; };
		D820691E1C1DE34500B4E8BB /* Building.swift */ = {isa = PBXFileReference; fileEncoding = 4; lastKnownFileType = sourcecode.swift; path = Building.swift; sourceTree = "<group>"; };
		D82069241C1E71F900B4E8BB /* AudioToolbox.framework */ = {isa = PBXFileReference; lastKnownFileType = wrapper.framework; name = AudioToolbox.framework; path = System/Library/Frameworks/AudioToolbox.framework; sourceTree = SDKROOT; };
		D82069261C1E720100B4E8BB /* CFNetwork.framework */ = {isa = PBXFileReference; lastKnownFileType = wrapper.framework; name = CFNetwork.framework; path = System/Library/Frameworks/CFNetwork.framework; sourceTree = SDKROOT; };
		D82069281C1E720D00B4E8BB /* CoreGraphics.framework */ = {isa = PBXFileReference; lastKnownFileType = wrapper.framework; name = CoreGraphics.framework; path = System/Library/Frameworks/CoreGraphics.framework; sourceTree = SDKROOT; };
		D820692A1C1E721100B4E8BB /* CoreLocation.framework */ = {isa = PBXFileReference; lastKnownFileType = wrapper.framework; name = CoreLocation.framework; path = System/Library/Frameworks/CoreLocation.framework; sourceTree = SDKROOT; };
		D820692C1C1E721C00B4E8BB /* QuartzCore.framework */ = {isa = PBXFileReference; lastKnownFileType = wrapper.framework; name = QuartzCore.framework; path = System/Library/Frameworks/QuartzCore.framework; sourceTree = SDKROOT; };
		D820692E1C1E722400B4E8BB /* Security.framework */ = {isa = PBXFileReference; lastKnownFileType = wrapper.framework; name = Security.framework; path = System/Library/Frameworks/Security.framework; sourceTree = SDKROOT; };
		D82069301C1E722900B4E8BB /* StoreKit.framework */ = {isa = PBXFileReference; lastKnownFileType = wrapper.framework; name = StoreKit.framework; path = System/Library/Frameworks/StoreKit.framework; sourceTree = SDKROOT; };
		D82069321C1E723200B4E8BB /* SystemConfiguration.framework */ = {isa = PBXFileReference; lastKnownFileType = wrapper.framework; name = SystemConfiguration.framework; path = System/Library/Frameworks/SystemConfiguration.framework; sourceTree = SDKROOT; };
		D82069341C1E723900B4E8BB /* libz.tbd */ = {isa = PBXFileReference; lastKnownFileType = "sourcecode.text-based-dylib-definition"; name = libz.tbd; path = usr/lib/libz.tbd; sourceTree = SDKROOT; };
		D82069361C1E724B00B4E8BB /* libsqlite3.tbd */ = {isa = PBXFileReference; lastKnownFileType = "sourcecode.text-based-dylib-definition"; name = libsqlite3.tbd; path = usr/lib/libsqlite3.tbd; sourceTree = SDKROOT; };
		D84F97061DB99D000052E7EA /* ThemeManager.swift */ = {isa = PBXFileReference; fileEncoding = 4; lastKnownFileType = sourcecode.swift; path = ThemeManager.swift; sourceTree = "<group>"; };
		D84F97081DB9A0E80052E7EA /* BVInfoShared.swift */ = {isa = PBXFileReference; fileEncoding = 4; lastKnownFileType = sourcecode.swift; path = BVInfoShared.swift; sourceTree = "<group>"; };
		D84F970A1DB9A46B0052E7EA /* Theme.plist */ = {isa = PBXFileReference; fileEncoding = 4; lastKnownFileType = text.plist.xml; path = Theme.plist; sourceTree = "<group>"; };
		D84F970C1DBAFDFD0052E7EA /* DarkTheme.plist */ = {isa = PBXFileReference; fileEncoding = 4; lastKnownFileType = text.plist.xml; path = DarkTheme.plist; sourceTree = "<group>"; };
		D857D12D1DBB073100EFEDD3 /* CardCell.swift */ = {isa = PBXFileReference; fileEncoding = 4; lastKnownFileType = sourcecode.swift; path = CardCell.swift; sourceTree = "<group>"; };
		D86966631D628EB4007E9E6E /* Fabric.framework */ = {isa = PBXFileReference; lastKnownFileType = wrapper.framework; path = Fabric.framework; sourceTree = "<group>"; };
		D86966671D628FCB007E9E6E /* Crashlytics.framework */ = {isa = PBXFileReference; lastKnownFileType = wrapper.framework; path = Crashlytics.framework; sourceTree = "<group>"; };
		D8BDC8F51BF8F20100CB40B4 /* BVU Info.app */ = {isa = PBXFileReference; explicitFileType = wrapper.application; includeInIndex = 0; path = "BVU Info.app"; sourceTree = BUILT_PRODUCTS_DIR; };
		D8BDC8F81BF8F20100CB40B4 /* AppDelegate.swift */ = {isa = PBXFileReference; lastKnownFileType = sourcecode.swift; path = AppDelegate.swift; sourceTree = "<group>"; };
		D8BDC8FA1BF8F20100CB40B4 /* ViewController.swift */ = {isa = PBXFileReference; lastKnownFileType = sourcecode.swift; path = ViewController.swift; sourceTree = "<group>"; };
		D8BDC8FD1BF8F20100CB40B4 /* Base */ = {isa = PBXFileReference; lastKnownFileType = file.storyboard; name = Base; path = Base.lproj/Main.storyboard; sourceTree = "<group>"; };
		D8BDC8FF1BF8F20100CB40B4 /* Assets.xcassets */ = {isa = PBXFileReference; lastKnownFileType = folder.assetcatalog; path = Assets.xcassets; sourceTree = "<group>"; };
		D8BDC9021BF8F20100CB40B4 /* Base */ = {isa = PBXFileReference; lastKnownFileType = file.storyboard; name = Base; path = Base.lproj/LaunchScreen.storyboard; sourceTree = "<group>"; };
		D8BDC9041BF8F20100CB40B4 /* Info.plist */ = {isa = PBXFileReference; lastKnownFileType = text.plist.xml; path = Info.plist; sourceTree = "<group>"; };
		D8BDC9091BF8F20100CB40B4 /* BVInfoSwiftTests.xctest */ = {isa = PBXFileReference; explicitFileType = wrapper.cfbundle; includeInIndex = 0; path = BVInfoSwiftTests.xctest; sourceTree = BUILT_PRODUCTS_DIR; };
		D8BDC9141BF8F20200CB40B4 /* BVInfoSwiftUITests.xctest */ = {isa = PBXFileReference; explicitFileType = wrapper.cfbundle; includeInIndex = 0; path = BVInfoSwiftUITests.xctest; sourceTree = BUILT_PRODUCTS_DIR; };
		D8BDC9281BF93A4C00CB40B4 /* HomeViewControllerCell.swift */ = {isa = PBXFileReference; fileEncoding = 4; lastKnownFileType = sourcecode.swift; path = HomeViewControllerCell.swift; sourceTree = "<group>"; };
		D8BDC92B1BF978BF00CB40B4 /* WebsiteViewController.swift */ = {isa = PBXFileReference; fileEncoding = 4; lastKnownFileType = sourcecode.swift; path = WebsiteViewController.swift; sourceTree = "<group>"; };
		D8BDC92D1BF9851500CB40B4 /* ACESViewController.swift */ = {isa = PBXFileReference; fileEncoding = 4; lastKnownFileType = sourcecode.swift; path = ACESViewController.swift; sourceTree = "<group>"; };
		D8BDC9301BF987F300CB40B4 /* ACESCell.swift */ = {isa = PBXFileReference; fileEncoding = 4; lastKnownFileType = sourcecode.swift; path = ACESCell.swift; sourceTree = "<group>"; };
		D8BDC9351BFAA96000CB40B4 /* RSSViewController.swift */ = {isa = PBXFileReference; fileEncoding = 4; lastKnownFileType = sourcecode.swift; path = RSSViewController.swift; sourceTree = "<group>"; };
		D8BDC9371BFAAB8200CB40B4 /* RSSPost.swift */ = {isa = PBXFileReference; fileEncoding = 4; lastKnownFileType = sourcecode.swift; path = RSSPost.swift; sourceTree = "<group>"; };
		D8BDC9391BFD725700CB40B4 /* RSSCell.swift */ = {isa = PBXFileReference; fileEncoding = 4; lastKnownFileType = sourcecode.swift; path = RSSCell.swift; sourceTree = "<group>"; };
		D8C2678E1BFD8B0C00E0F8F9 /* AcademicsViewController.swift */ = {isa = PBXFileReference; fileEncoding = 4; lastKnownFileType = sourcecode.swift; path = AcademicsViewController.swift; sourceTree = "<group>"; };
		D8C267911C02AD8800E0F8F9 /* KBVUViewController.swift */ = {isa = PBXFileReference; fileEncoding = 4; lastKnownFileType = sourcecode.swift; path = KBVUViewController.swift; sourceTree = "<group>"; };
		D8C267931C02B23A00E0F8F9 /* kbvuAudio.m3u */ = {isa = PBXFileReference; fileEncoding = 4; lastKnownFileType = text; path = kbvuAudio.m3u; sourceTree = "<group>"; };
		D8D058CD1F548CCE00F59697 /* SwiftSpinner.swift */ = {isa = PBXFileReference; fileEncoding = 4; lastKnownFileType = sourcecode.swift; path = SwiftSpinner.swift; sourceTree = "<group>"; };
		D8FB81491E3E7EEA00F77345 /* GoogleMobileAds.framework */ = {isa = PBXFileReference; lastKnownFileType = wrapper.framework; path = GoogleMobileAds.framework; sourceTree = "<group>"; };
/* End PBXFileReference section */

/* Begin PBXFrameworksBuildPhase section */
		D8BDC8F21BF8F20100CB40B4 /* Frameworks */ = {
			isa = PBXFrameworksBuildPhase;
			buildActionMask = 2147483647;
			files = (
				D82069371C1E724B00B4E8BB /* libsqlite3.tbd in Frameworks */,
				D82069351C1E723900B4E8BB /* libz.tbd in Frameworks */,
				D86966681D628FCB007E9E6E /* Crashlytics.framework in Frameworks */,
				D82069331C1E723200B4E8BB /* SystemConfiguration.framework in Frameworks */,
				D82069311C1E722900B4E8BB /* StoreKit.framework in Frameworks */,
				D820692F1C1E722400B4E8BB /* Security.framework in Frameworks */,
				D820692D1C1E721C00B4E8BB /* QuartzCore.framework in Frameworks */,
				D820692B1C1E721100B4E8BB /* CoreLocation.framework in Frameworks */,
				D82069291C1E720D00B4E8BB /* CoreGraphics.framework in Frameworks */,
				D82069271C1E720100B4E8BB /* CFNetwork.framework in Frameworks */,
				D82069251C1E71F900B4E8BB /* AudioToolbox.framework in Frameworks */,
				D820691A1C1925FC00B4E8BB /* iAd.framework in Frameworks */,
				D8FB814A1E3E7EEA00F77345 /* GoogleMobileAds.framework in Frameworks */,
				D86966651D628EB4007E9E6E /* Fabric.framework in Frameworks */,
			);
			runOnlyForDeploymentPostprocessing = 0;
		};
		D8BDC9061BF8F20100CB40B4 /* Frameworks */ = {
			isa = PBXFrameworksBuildPhase;
			buildActionMask = 2147483647;
			files = (
			);
			runOnlyForDeploymentPostprocessing = 0;
		};
		D8BDC9111BF8F20100CB40B4 /* Frameworks */ = {
			isa = PBXFrameworksBuildPhase;
			buildActionMask = 2147483647;
			files = (
			);
			runOnlyForDeploymentPostprocessing = 0;
		};
/* End PBXFrameworksBuildPhase section */

/* Begin PBXGroup section */
		D820691B1C1DE0A300B4E8BB /* Map */ = {
			isa = PBXGroup;
			children = (
				D820691C1C1DE0C100B4E8BB /* MapViewController.swift */,
				D820691E1C1DE34500B4E8BB /* Building.swift */,
			);
			name = Map;
			sourceTree = "<group>";
		};
		D82069381C1E725B00B4E8BB /* Frameworks */ = {
			isa = PBXGroup;
			children = (
				D8FB81491E3E7EEA00F77345 /* GoogleMobileAds.framework */,
				D82069361C1E724B00B4E8BB /* libsqlite3.tbd */,
				D82069341C1E723900B4E8BB /* libz.tbd */,
				D86966671D628FCB007E9E6E /* Crashlytics.framework */,
				D86966631D628EB4007E9E6E /* Fabric.framework */,
				D82069321C1E723200B4E8BB /* SystemConfiguration.framework */,
				D82069301C1E722900B4E8BB /* StoreKit.framework */,
				D820692E1C1E722400B4E8BB /* Security.framework */,
				D820692C1C1E721C00B4E8BB /* QuartzCore.framework */,
				D820692A1C1E721100B4E8BB /* CoreLocation.framework */,
				D82069281C1E720D00B4E8BB /* CoreGraphics.framework */,
				D82069261C1E720100B4E8BB /* CFNetwork.framework */,
				D82069241C1E71F900B4E8BB /* AudioToolbox.framework */,
				D82069191C1925FC00B4E8BB /* iAd.framework */,
			);
			name = Frameworks;
			sourceTree = "<group>";
		};
		D84F97051DB99CED0052E7EA /* Theme Manager */ = {
			isa = PBXGroup;
			children = (
				D84F97061DB99D000052E7EA /* ThemeManager.swift */,
				D84F970A1DB9A46B0052E7EA /* Theme.plist */,
				D84F970C1DBAFDFD0052E7EA /* DarkTheme.plist */,
			);
			name = "Theme Manager";
			sourceTree = "<group>";
		};
		D8BDC8EC1BF8F20100CB40B4 = {
			isa = PBXGroup;
			children = (
				D82069381C1E725B00B4E8BB /* Frameworks */,
				D8C267931C02B23A00E0F8F9 /* kbvuAudio.m3u */,
				D8BDC8F71BF8F20100CB40B4 /* BVInfoSwift */,
				D8BDC8F61BF8F20100CB40B4 /* Products */,
			);
			sourceTree = "<group>";
		};
		D8BDC8F61BF8F20100CB40B4 /* Products */ = {
			isa = PBXGroup;
			children = (
				D8BDC8F51BF8F20100CB40B4 /* BVU Info.app */,
				D8BDC9091BF8F20100CB40B4 /* BVInfoSwiftTests.xctest */,
				D8BDC9141BF8F20200CB40B4 /* BVInfoSwiftUITests.xctest */,
			);
			name = Products;
			sourceTree = "<group>";
		};
		D8BDC8F71BF8F20100CB40B4 /* BVInfoSwift */ = {
			isa = PBXGroup;
			children = (
				D8D058CD1F548CCE00F59697 /* SwiftSpinner.swift */,
				D84F97051DB99CED0052E7EA /* Theme Manager */,
				D8BDC8F81BF8F20100CB40B4 /* AppDelegate.swift */,
				D8BDC8FC1BF8F20100CB40B4 /* Main.storyboard */,
				D8BDC8FF1BF8F20100CB40B4 /* Assets.xcassets */,
				D8BDC9011BF8F20100CB40B4 /* LaunchScreen.storyboard */,
				D8BDC9041BF8F20100CB40B4 /* Info.plist */,
				D820691B1C1DE0A300B4E8BB /* Map */,
				D8C267901C02AD7A00E0F8F9 /* KBVU */,
				D8C2678D1BFD8AF400E0F8F9 /* Academics */,
				D8BDC9341BFAA91E00CB40B4 /* RSS */,
				D8BDC9331BF9899F00CB40B4 /* HomeScreen */,
				D8BDC9321BF9899400CB40B4 /* WebSite */,
				D8BDC92F1BF987DE00CB40B4 /* ACES */,
				D84F97081DB9A0E80052E7EA /* BVInfoShared.swift */,
				D857D12D1DBB073100EFEDD3 /* CardCell.swift */,
			);
			path = BVInfoSwift;
			sourceTree = "<group>";
		};
		D8BDC92F1BF987DE00CB40B4 /* ACES */ = {
			isa = PBXGroup;
			children = (
				D8BDC92D1BF9851500CB40B4 /* ACESViewController.swift */,
				D8BDC9301BF987F300CB40B4 /* ACESCell.swift */,
			);
			name = ACES;
			sourceTree = "<group>";
		};
		D8BDC9321BF9899400CB40B4 /* WebSite */ = {
			isa = PBXGroup;
			children = (
				D8BDC92B1BF978BF00CB40B4 /* WebsiteViewController.swift */,
			);
			name = WebSite;
			sourceTree = "<group>";
		};
		D8BDC9331BF9899F00CB40B4 /* HomeScreen */ = {
			isa = PBXGroup;
			children = (
				D8BDC8FA1BF8F20100CB40B4 /* ViewController.swift */,
				D8BDC9281BF93A4C00CB40B4 /* HomeViewControllerCell.swift */,
			);
			name = HomeScreen;
			sourceTree = "<group>";
		};
		D8BDC9341BFAA91E00CB40B4 /* RSS */ = {
			isa = PBXGroup;
			children = (
				D8BDC9351BFAA96000CB40B4 /* RSSViewController.swift */,
				D8BDC9371BFAAB8200CB40B4 /* RSSPost.swift */,
				D8BDC9391BFD725700CB40B4 /* RSSCell.swift */,
			);
			name = RSS;
			sourceTree = "<group>";
		};
		D8C2678D1BFD8AF400E0F8F9 /* Academics */ = {
			isa = PBXGroup;
			children = (
				D8C2678E1BFD8B0C00E0F8F9 /* AcademicsViewController.swift */,
			);
			name = Academics;
			sourceTree = "<group>";
		};
		D8C267901C02AD7A00E0F8F9 /* KBVU */ = {
			isa = PBXGroup;
			children = (
				D8C267911C02AD8800E0F8F9 /* KBVUViewController.swift */,
			);
			name = KBVU;
			sourceTree = "<group>";
		};
/* End PBXGroup section */

/* Begin PBXNativeTarget section */
		D8BDC8F41BF8F20100CB40B4 /* BVInfoSwift */ = {
			isa = PBXNativeTarget;
			buildConfigurationList = D8BDC91D1BF8F20200CB40B4 /* Build configuration list for PBXNativeTarget "BVInfoSwift" */;
			buildPhases = (
				D8BDC8F11BF8F20100CB40B4 /* Sources */,
				D8BDC8F21BF8F20100CB40B4 /* Frameworks */,
				D8BDC8F31BF8F20100CB40B4 /* Resources */,
				D86966621D628E94007E9E6E /* ShellScript */,
			);
			buildRules = (
			);
			dependencies = (
			);
			name = BVInfoSwift;
			productName = BVInfoSwift;
			productReference = D8BDC8F51BF8F20100CB40B4 /* BVU Info.app */;
			productType = "com.apple.product-type.application";
		};
		D8BDC9081BF8F20100CB40B4 /* BVInfoSwiftTests */ = {
			isa = PBXNativeTarget;
			buildConfigurationList = D8BDC9201BF8F20200CB40B4 /* Build configuration list for PBXNativeTarget "BVInfoSwiftTests" */;
			buildPhases = (
				D8BDC9051BF8F20100CB40B4 /* Sources */,
				D8BDC9061BF8F20100CB40B4 /* Frameworks */,
				D8BDC9071BF8F20100CB40B4 /* Resources */,
			);
			buildRules = (
			);
			dependencies = (
				D8BDC90B1BF8F20100CB40B4 /* PBXTargetDependency */,
			);
			name = BVInfoSwiftTests;
			productName = BVInfoSwiftTests;
			productReference = D8BDC9091BF8F20100CB40B4 /* BVInfoSwiftTests.xctest */;
			productType = "com.apple.product-type.bundle.unit-test";
		};
		D8BDC9131BF8F20100CB40B4 /* BVInfoSwiftUITests */ = {
			isa = PBXNativeTarget;
			buildConfigurationList = D8BDC9231BF8F20200CB40B4 /* Build configuration list for PBXNativeTarget "BVInfoSwiftUITests" */;
			buildPhases = (
				D8BDC9101BF8F20100CB40B4 /* Sources */,
				D8BDC9111BF8F20100CB40B4 /* Frameworks */,
				D8BDC9121BF8F20100CB40B4 /* Resources */,
			);
			buildRules = (
			);
			dependencies = (
				D8BDC9161BF8F20200CB40B4 /* PBXTargetDependency */,
			);
			name = BVInfoSwiftUITests;
			productName = BVInfoSwiftUITests;
			productReference = D8BDC9141BF8F20200CB40B4 /* BVInfoSwiftUITests.xctest */;
			productType = "com.apple.product-type.bundle.ui-testing";
		};
/* End PBXNativeTarget section */

/* Begin PBXProject section */
		D8BDC8ED1BF8F20100CB40B4 /* Project object */ = {
			isa = PBXProject;
			attributes = {
				LastUpgradeCheck = 0700;
				ORGANIZATIONNAME = "Tyler Lafferty";
				TargetAttributes = {
					D8BDC8F41BF8F20100CB40B4 = {
						CreatedOnToolsVersion = 7.0.1;
						DevelopmentTeam = 34M84A79JV;
						LastSwiftMigration = 0800;
						ProvisioningStyle = Automatic;
						SystemCapabilities = {
							com.apple.BackgroundModes = {
								enabled = 1;
							};
						};
					};
					D8BDC9081BF8F20100CB40B4 = {
						CreatedOnToolsVersion = 7.0.1;
						TestTargetID = D8BDC8F41BF8F20100CB40B4;
					};
					D8BDC9131BF8F20100CB40B4 = {
						CreatedOnToolsVersion = 7.0.1;
						TestTargetID = D8BDC8F41BF8F20100CB40B4;
					};
				};
			};
			buildConfigurationList = D8BDC8F01BF8F20100CB40B4 /* Build configuration list for PBXProject "BVInfoSwift" */;
			compatibilityVersion = "Xcode 3.2";
			developmentRegion = English;
			hasScannedForEncodings = 0;
			knownRegions = (
				en,
				Base,
			);
			mainGroup = D8BDC8EC1BF8F20100CB40B4;
			productRefGroup = D8BDC8F61BF8F20100CB40B4 /* Products */;
			projectDirPath = "";
			projectRoot = "";
			targets = (
				D8BDC8F41BF8F20100CB40B4 /* BVInfoSwift */,
				D8BDC9081BF8F20100CB40B4 /* BVInfoSwiftTests */,
				D8BDC9131BF8F20100CB40B4 /* BVInfoSwiftUITests */,
			);
		};
/* End PBXProject section */

/* Begin PBXResourcesBuildPhase section */
		D8BDC8F31BF8F20100CB40B4 /* Resources */ = {
			isa = PBXResourcesBuildPhase;
			buildActionMask = 2147483647;
			files = (
				D8BDC9031BF8F20100CB40B4 /* LaunchScreen.storyboard in Resources */,
				D8BDC9001BF8F20100CB40B4 /* Assets.xcassets in Resources */,
				D84F970B1DB9A46B0052E7EA /* Theme.plist in Resources */,
				D8C267941C02B23A00E0F8F9 /* kbvuAudio.m3u in Resources */,
				D84F970D1DBAFDFD0052E7EA /* DarkTheme.plist in Resources */,
				D8BDC8FE1BF8F20100CB40B4 /* Main.storyboard in Resources */,
			);
			runOnlyForDeploymentPostprocessing = 0;
		};
		D8BDC9071BF8F20100CB40B4 /* Resources */ = {
			isa = PBXResourcesBuildPhase;
			buildActionMask = 2147483647;
			files = (
			);
			runOnlyForDeploymentPostprocessing = 0;
		};
		D8BDC9121BF8F20100CB40B4 /* Resources */ = {
			isa = PBXResourcesBuildPhase;
			buildActionMask = 2147483647;
			files = (
			);
			runOnlyForDeploymentPostprocessing = 0;
		};
/* End PBXResourcesBuildPhase section */

/* Begin PBXShellScriptBuildPhase section */
		D86966621D628E94007E9E6E /* ShellScript */ = {
			isa = PBXShellScriptBuildPhase;
			buildActionMask = 2147483647;
			files = (
			);
			inputPaths = (
			);
			outputPaths = (
			);
			runOnlyForDeploymentPostprocessing = 0;
			shellPath = /bin/sh;
			shellScript = "./Fabric.framework/run 3ab296977799a1c95a272d13bc638212ca2ff873 56f0fa9f66fcc4aa21eaf24da89b6880e6f4b38d3acb137e20bdc98ecbf8b627";
		};
/* End PBXShellScriptBuildPhase section */

/* Begin PBXSourcesBuildPhase section */
		D8BDC8F11BF8F20100CB40B4 /* Sources */ = {
			isa = PBXSourcesBuildPhase;
			buildActionMask = 2147483647;
			files = (
				D8BDC92C1BF978BF00CB40B4 /* WebsiteViewController.swift in Sources */,
				D820691F1C1DE34500B4E8BB /* Building.swift in Sources */,
				D8BDC92E1BF9851500CB40B4 /* ACESViewController.swift in Sources */,
				D857D12E1DBB073100EFEDD3 /* CardCell.swift in Sources */,
				D8BDC8FB1BF8F20100CB40B4 /* ViewController.swift in Sources */,
				D84F97091DB9A0E80052E7EA /* BVInfoShared.swift in Sources */,
				D8D058CE1F548CCE00F59697 /* SwiftSpinner.swift in Sources */,
				D8C267921C02AD8800E0F8F9 /* KBVUViewController.swift in Sources */,
				D8BDC93A1BFD725700CB40B4 /* RSSCell.swift in Sources */,
				D8BDC8F91BF8F20100CB40B4 /* AppDelegate.swift in Sources */,
				D8BDC9361BFAA96000CB40B4 /* RSSViewController.swift in Sources */,
				D820691D1C1DE0C100B4E8BB /* MapViewController.swift in Sources */,
				D8BDC9381BFAAB8200CB40B4 /* RSSPost.swift in Sources */,
				D8BDC9291BF93A4D00CB40B4 /* HomeViewControllerCell.swift in Sources */,
				D8BDC9311BF987F300CB40B4 /* ACESCell.swift in Sources */,
				D8C2678F1BFD8B0C00E0F8F9 /* AcademicsViewController.swift in Sources */,
				D84F97071DB99D000052E7EA /* ThemeManager.swift in Sources */,
			);
			runOnlyForDeploymentPostprocessing = 0;
		};
		D8BDC9051BF8F20100CB40B4 /* Sources */ = {
			isa = PBXSourcesBuildPhase;
			buildActionMask = 2147483647;
			files = (
			);
			runOnlyForDeploymentPostprocessing = 0;
		};
		D8BDC9101BF8F20100CB40B4 /* Sources */ = {
			isa = PBXSourcesBuildPhase;
			buildActionMask = 2147483647;
			files = (
			);
			runOnlyForDeploymentPostprocessing = 0;
		};
/* End PBXSourcesBuildPhase section */

/* Begin PBXTargetDependency section */
		D8BDC90B1BF8F20100CB40B4 /* PBXTargetDependency */ = {
			isa = PBXTargetDependency;
			target = D8BDC8F41BF8F20100CB40B4 /* BVInfoSwift */;
			targetProxy = D8BDC90A1BF8F20100CB40B4 /* PBXContainerItemProxy */;
		};
		D8BDC9161BF8F20200CB40B4 /* PBXTargetDependency */ = {
			isa = PBXTargetDependency;
			target = D8BDC8F41BF8F20100CB40B4 /* BVInfoSwift */;
			targetProxy = D8BDC9151BF8F20200CB40B4 /* PBXContainerItemProxy */;
		};
/* End PBXTargetDependency section */

/* Begin PBXVariantGroup section */
		D8BDC8FC1BF8F20100CB40B4 /* Main.storyboard */ = {
			isa = PBXVariantGroup;
			children = (
				D8BDC8FD1BF8F20100CB40B4 /* Base */,
			);
			name = Main.storyboard;
			sourceTree = "<group>";
		};
		D8BDC9011BF8F20100CB40B4 /* LaunchScreen.storyboard */ = {
			isa = PBXVariantGroup;
			children = (
				D8BDC9021BF8F20100CB40B4 /* Base */,
			);
			name = LaunchScreen.storyboard;
			sourceTree = "<group>";
		};
/* End PBXVariantGroup section */

/* Begin XCBuildConfiguration section */
		D8BDC91B1BF8F20200CB40B4 /* Debug */ = {
			isa = XCBuildConfiguration;
			buildSettings = {
				ALWAYS_SEARCH_USER_PATHS = NO;
				CLANG_CXX_LANGUAGE_STANDARD = "gnu++0x";
				CLANG_CXX_LIBRARY = "libc++";
				CLANG_ENABLE_MODULES = YES;
				CLANG_ENABLE_OBJC_ARC = YES;
				CLANG_WARN_BOOL_CONVERSION = YES;
				CLANG_WARN_CONSTANT_CONVERSION = YES;
				CLANG_WARN_DIRECT_OBJC_ISA_USAGE = YES_ERROR;
				CLANG_WARN_EMPTY_BODY = YES;
				CLANG_WARN_ENUM_CONVERSION = YES;
				CLANG_WARN_INT_CONVERSION = YES;
				CLANG_WARN_OBJC_ROOT_CLASS = YES_ERROR;
				CLANG_WARN_UNREACHABLE_CODE = YES;
				CLANG_WARN__DUPLICATE_METHOD_MATCH = YES;
				"CODE_SIGN_IDENTITY[sdk=iphoneos*]" = "iPhone Developer";
				COPY_PHASE_STRIP = NO;
				DEBUG_INFORMATION_FORMAT = dwarf;
				ENABLE_STRICT_OBJC_MSGSEND = YES;
				ENABLE_TESTABILITY = YES;
				GCC_C_LANGUAGE_STANDARD = gnu99;
				GCC_DYNAMIC_NO_PIC = NO;
				GCC_NO_COMMON_BLOCKS = YES;
				GCC_OPTIMIZATION_LEVEL = 0;
				GCC_PREPROCESSOR_DEFINITIONS = (
					"DEBUG=1",
					"$(inherited)",
				);
				GCC_WARN_64_TO_32_BIT_CONVERSION = YES;
				GCC_WARN_ABOUT_RETURN_TYPE = YES_ERROR;
				GCC_WARN_UNDECLARED_SELECTOR = YES;
				GCC_WARN_UNINITIALIZED_AUTOS = YES_AGGRESSIVE;
				GCC_WARN_UNUSED_FUNCTION = YES;
				GCC_WARN_UNUSED_VARIABLE = YES;
				IPHONEOS_DEPLOYMENT_TARGET = 9.0;
				MTL_ENABLE_DEBUG_INFO = YES;
				ONLY_ACTIVE_ARCH = YES;
				SDKROOT = iphoneos;
				SWIFT_OPTIMIZATION_LEVEL = "-Onone";
			};
			name = Debug;
		};
		D8BDC91C1BF8F20200CB40B4 /* Release */ = {
			isa = XCBuildConfiguration;
			buildSettings = {
				ALWAYS_SEARCH_USER_PATHS = NO;
				CLANG_CXX_LANGUAGE_STANDARD = "gnu++0x";
				CLANG_CXX_LIBRARY = "libc++";
				CLANG_ENABLE_MODULES = YES;
				CLANG_ENABLE_OBJC_ARC = YES;
				CLANG_WARN_BOOL_CONVERSION = YES;
				CLANG_WARN_CONSTANT_CONVERSION = YES;
				CLANG_WARN_DIRECT_OBJC_ISA_USAGE = YES_ERROR;
				CLANG_WARN_EMPTY_BODY = YES;
				CLANG_WARN_ENUM_CONVERSION = YES;
				CLANG_WARN_INT_CONVERSION = YES;
				CLANG_WARN_OBJC_ROOT_CLASS = YES_ERROR;
				CLANG_WARN_UNREACHABLE_CODE = YES;
				CLANG_WARN__DUPLICATE_METHOD_MATCH = YES;
				"CODE_SIGN_IDENTITY[sdk=iphoneos*]" = "iPhone Developer";
				COPY_PHASE_STRIP = NO;
				DEBUG_INFORMATION_FORMAT = "dwarf-with-dsym";
				ENABLE_NS_ASSERTIONS = NO;
				ENABLE_STRICT_OBJC_MSGSEND = YES;
				GCC_C_LANGUAGE_STANDARD = gnu99;
				GCC_NO_COMMON_BLOCKS = YES;
				GCC_WARN_64_TO_32_BIT_CONVERSION = YES;
				GCC_WARN_ABOUT_RETURN_TYPE = YES_ERROR;
				GCC_WARN_UNDECLARED_SELECTOR = YES;
				GCC_WARN_UNINITIALIZED_AUTOS = YES_AGGRESSIVE;
				GCC_WARN_UNUSED_FUNCTION = YES;
				GCC_WARN_UNUSED_VARIABLE = YES;
				IPHONEOS_DEPLOYMENT_TARGET = 9.0;
				MTL_ENABLE_DEBUG_INFO = NO;
				SDKROOT = iphoneos;
				VALIDATE_PRODUCT = YES;
			};
			name = Release;
		};
		D8BDC91E1BF8F20200CB40B4 /* Debug */ = {
			isa = XCBuildConfiguration;
			buildSettings = {
				ASSETCATALOG_COMPILER_APPICON_NAME = AppIcon;
				ASSETCATALOG_COMPILER_LAUNCHIMAGE_NAME = "Brand Assets";
				CODE_SIGN_IDENTITY = "iPhone Developer";
				"CODE_SIGN_IDENTITY[sdk=iphoneos*]" = "iPhone Developer";
				DEVELOPMENT_TEAM = "";
				FRAMEWORK_SEARCH_PATHS = (
					"$(inherited)/**",
					"$(PROJECT_DIR)/**",
					"$(PROJECT_DIR)",
				);
				INFOPLIST_FILE = BVInfoSwift/Info.plist;
				LD_RUNPATH_SEARCH_PATHS = "$(inherited) @executable_path/Frameworks";
				PRODUCT_BUNDLE_IDENTIFIER = com.lafftyl.BVUInfo;
				PRODUCT_NAME = "BVU Info";
				PROVISIONING_PROFILE = "";
				PROVISIONING_PROFILE_SPECIFIER = "";
				SWIFT_VERSION = 3.0;
			};
			name = Debug;
		};
		D8BDC91F1BF8F20200CB40B4 /* Release */ = {
			isa = XCBuildConfiguration;
			buildSettings = {
				ASSETCATALOG_COMPILER_APPICON_NAME = AppIcon;
				ASSETCATALOG_COMPILER_LAUNCHIMAGE_NAME = "Brand Assets";
				CODE_SIGN_IDENTITY = "iPhone Developer";
				"CODE_SIGN_IDENTITY[sdk=iphoneos*]" = "iPhone Developer";
				DEVELOPMENT_TEAM = "";
				FRAMEWORK_SEARCH_PATHS = (
					"$(inherited)/**",
					"$(PROJECT_DIR)/**",
					"$(PROJECT_DIR)",
				);
				INFOPLIST_FILE = BVInfoSwift/Info.plist;
				LD_RUNPATH_SEARCH_PATHS = "$(inherited) @executable_path/Frameworks";
				PRODUCT_BUNDLE_IDENTIFIER = com.lafftyl.BVUInfo;
				PRODUCT_NAME = "BVU Info";
				PROVISIONING_PROFILE = "";
				PROVISIONING_PROFILE_SPECIFIER = "";
				SWIFT_VERSION = 3.0;
			};
			name = Release;
		};
		D8BDC9211BF8F20200CB40B4 /* Debug */ = {
			isa = XCBuildConfiguration;
			buildSettings = {
				ALWAYS_EMBED_SWIFT_STANDARD_LIBRARIES = YES;
				BUNDLE_LOADER = "$(TEST_HOST)";
				INFOPLIST_FILE = BVInfoSwiftTests/Info.plist;
				LD_RUNPATH_SEARCH_PATHS = "$(inherited) @executable_path/Frameworks @loader_path/Frameworks";
				PRODUCT_BUNDLE_IDENTIFIER = lafftyl.BVInfoSwiftTests;
				PRODUCT_NAME = "$(TARGET_NAME)";
				TEST_HOST = "$(BUILT_PRODUCTS_DIR)/BVU Info.app/BVU Info";
			};
			name = Debug;
		};
		D8BDC9221BF8F20200CB40B4 /* Release */ = {
			isa = XCBuildConfiguration;
			buildSettings = {
				ALWAYS_EMBED_SWIFT_STANDARD_LIBRARIES = YES;
				BUNDLE_LOADER = "$(TEST_HOST)";
				INFOPLIST_FILE = BVInfoSwiftTests/Info.plist;
				LD_RUNPATH_SEARCH_PATHS = "$(inherited) @executable_path/Frameworks @loader_path/Frameworks";
				PRODUCT_BUNDLE_IDENTIFIER = lafftyl.BVInfoSwiftTests;
				PRODUCT_NAME = "$(TARGET_NAME)";
				TEST_HOST = "$(BUILT_PRODUCTS_DIR)/BVU Info.app/BVU Info";
			};
			name = Release;
		};
		D8BDC9241BF8F20200CB40B4 /* Debug */ = {
			isa = XCBuildConfiguration;
			buildSettings = {
				INFOPLIST_FILE = BVInfoSwiftUITests/Info.plist;
				LD_RUNPATH_SEARCH_PATHS = "$(inherited) @executable_path/Frameworks @loader_path/Frameworks";
				PRODUCT_BUNDLE_IDENTIFIER = lafftyl.BVInfoSwiftUITests;
				PRODUCT_NAME = "$(TARGET_NAME)";
				TEST_TARGET_NAME = BVInfoSwift;
				USES_XCTRUNNER = YES;
			};
			name = Debug;
		};
		D8BDC9251BF8F20200CB40B4 /* Release */ = {
			isa = XCBuildConfiguration;
			buildSettings = {
				INFOPLIST_FILE = BVInfoSwiftUITests/Info.plist;
				LD_RUNPATH_SEARCH_PATHS = "$(inherited) @executable_path/Frameworks @loader_path/Frameworks";
				PRODUCT_BUNDLE_IDENTIFIER = lafftyl.BVInfoSwiftUITests;
				PRODUCT_NAME = "$(TARGET_NAME)";
				TEST_TARGET_NAME = BVInfoSwift;
				USES_XCTRUNNER = YES;
			};
			name = Release;
		};
/* End XCBuildConfiguration section */

/* Begin XCConfigurationList section */
		D8BDC8F01BF8F20100CB40B4 /* Build configuration list for PBXProject "BVInfoSwift" */ = {
			isa = XCConfigurationList;
			buildConfigurations = (
				D8BDC91B1BF8F20200CB40B4 /* Debug */,
				D8BDC91C1BF8F20200CB40B4 /* Release */,
			);
			defaultConfigurationIsVisible = 0;
			defaultConfigurationName = Release;
		};
		D8BDC91D1BF8F20200CB40B4 /* Build configuration list for PBXNativeTarget "BVInfoSwift" */ = {
			isa = XCConfigurationList;
			buildConfigurations = (
				D8BDC91E1BF8F20200CB40B4 /* Debug */,
				D8BDC91F1BF8F20200CB40B4 /* Release */,
			);
			defaultConfigurationIsVisible = 0;
			defaultConfigurationName = Release;
		};
		D8BDC9201BF8F20200CB40B4 /* Build configuration list for PBXNativeTarget "BVInfoSwiftTests" */ = {
			isa = XCConfigurationList;
			buildConfigurations = (
				D8BDC9211BF8F20200CB40B4 /* Debug */,
				D8BDC9221BF8F20200CB40B4 /* Release */,
			);
			defaultConfigurationIsVisible = 0;
			defaultConfigurationName = Release;
		};
		D8BDC9231BF8F20200CB40B4 /* Build configuration list for PBXNativeTarget "BVInfoSwiftUITests" */ = {
			isa = XCConfigurationList;
			buildConfigurations = (
				D8BDC9241BF8F20200CB40B4 /* Debug */,
				D8BDC9251BF8F20200CB40B4 /* Release */,
			);
			defaultConfigurationIsVisible = 0;
			defaultConfigurationName = Release;
		};
/* End XCConfigurationList section */
	};
	rootObject = D8BDC8ED1BF8F20100CB40B4 /* Project object */;
}
